
Microsoft Visual Studio Solution File, Format Version 12.00
# Visual Studio Version 16
VisualStudioVersion = 16.0.30711.63
MinimumVisualStudioVersion = 10.0.40219.1
Project("{FAE04EC0-301F-11D3-BF4B-00C04F79EFBC}") = "ToolBoxDemo", "TooBoxDemo\ToolBoxDemo.csproj", "{5B12D825-2865-4BF1-A559-153F8465F352}"
EndProject
Global
	GlobalSection(SolutionConfigurationPlatforms) = preSolution
		Debug|Any CPU = Debug|Any CPU
		Release|Any CPU = Release|Any CPU
	EndGlobalSection
	GlobalSection(ProjectConfigurationPlatforms) = postSolution
		{5B12D825-2865-4BF1-A559-153F8465F352}.Debug|Any CPU.ActiveCfg = Debug|Any CPU
		{5B12D825-2865-4BF1-A559-153F8465F352}.Debug|Any CPU.Build.0 = Debug|Any CPU
		{5B12D825-2865-4BF1-A559-153F8465F352}.Release|Any CPU.ActiveCfg = Release|Any CPU
		{5B12D825-2865-4BF1-A559-153F8465F352}.Release|Any CPU.Build.0 = Release|Any CPU
	EndGlobalSection
	GlobalSection(SolutionProperties) = preSolution
		HideSolutionNode = FALSE
	EndGlobalSection
	GlobalSection(ExtensibilityGlobals) = postSolution
		SolutionGuid = {B8894416-00EA-47A7-9D4D-582039EDD4BE}
	EndGlobalSection
EndGlobal
